
Microsoft Visual Studio Solution File, Format Version 12.00
Project("{FAE04EC0-301F-11D3-BF4B-00C04F79EFBC}") = "lesson1", "lesson1\lesson1.csproj", "{1DABECAF-9724-4DFA-B67F-F29E84EAA840}"
EndProject
Project("{FAE04EC0-301F-11D3-BF4B-00C04F79EFBC}") = "lesson2", "lesson2\lesson2.csproj", "{3936B0B8-FDA3-43F7-B7A9-F64666574459}"
EndProject
Global
	GlobalSection(SolutionConfigurationPlatforms) = preSolution
		Debug|Any CPU = Debug|Any CPU
		Release|Any CPU = Release|Any CPU
	EndGlobalSection
	GlobalSection(ProjectConfigurationPlatforms) = postSolution
		{1DABECAF-9724-4DFA-B67F-F29E84EAA840}.Debug|Any CPU.ActiveCfg = Debug|Any CPU
		{1DABECAF-9724-4DFA-B67F-F29E84EAA840}.Debug|Any CPU.Build.0 = Debug|Any CPU
		{1DABECAF-9724-4DFA-B67F-F29E84EAA840}.Release|Any CPU.ActiveCfg = Release|Any CPU
		{1DABECAF-9724-4DFA-B67F-F29E84EAA840}.Release|Any CPU.Build.0 = Release|Any CPU
		{3936B0B8-FDA3-43F7-B7A9-F64666574459}.Debug|Any CPU.ActiveCfg = Debug|Any CPU
		{3936B0B8-FDA3-43F7-B7A9-F64666574459}.Debug|Any CPU.Build.0 = Debug|Any CPU
		{3936B0B8-FDA3-43F7-B7A9-F64666574459}.Release|Any CPU.ActiveCfg = Release|Any CPU
		{3936B0B8-FDA3-43F7-B7A9-F64666574459}.Release|Any CPU.Build.0 = Release|Any CPU
	EndGlobalSection
EndGlobal
